
Microsoft Visual Studio Solution File, Format Version 12.00
# Visual Studio Version 16
VisualStudioVersion = 16.0.30717.126
MinimumVisualStudioVersion = 10.0.40219.1
Project("{FAE04EC0-301F-11D3-BF4B-00C04F79EFBC}") = "covid19", "covid19\covid19.csproj", "{51A1D029-246B-498F-84E6-58F0387DC53F}"
EndProject
Global
	GlobalSection(SolutionConfigurationPlatforms) = preSolution
		Debug|Any CPU = Debug|Any CPU
		Release|Any CPU = Release|Any CPU
	EndGlobalSection
	GlobalSection(ProjectConfigurationPlatforms) = postSolution
		{51A1D029-246B-498F-84E6-58F0387DC53F}.Debug|Any CPU.ActiveCfg = Debug|Any CPU
		{51A1D029-246B-498F-84E6-58F0387DC53F}.Debug|Any CPU.Build.0 = Debug|Any CPU
		{51A1D029-246B-498F-84E6-58F0387DC53F}.Release|Any CPU.ActiveCfg = Release|Any CPU
		{51A1D029-246B-498F-84E6-58F0387DC53F}.Release|Any CPU.Build.0 = Release|Any CPU
	EndGlobalSection
	GlobalSection(SolutionProperties) = preSolution
		HideSolutionNode = FALSE
	EndGlobalSection
	GlobalSection(ExtensibilityGlobals) = postSolution
		SolutionGuid = {B2A97AE0-A87F-428E-9C3D-616CCC42B562}
	EndGlobalSection
EndGlobal
